
Microsoft Visual Studio Solution File, Format Version 12.00
# Visual Studio Version 17
VisualStudioVersion = 17.2.32602.215
MinimumVisualStudioVersion = 10.0.40219.1
Project("{FAE04EC0-301F-11D3-BF4B-00C04F79EFBC}") = "HotelManagement", "HotelManagement.csproj", "{F62332CF-E5CF-427C-9D7C-970E3B44509B}"
EndProject
Project("{FAE04EC0-301F-11D3-BF4B-00C04F79EFBC}") = "HotelManagementWebsite", "..\HotelManagementWebsite\HotelManagementWebsite.csproj", "{698BEC14-B38F-475F-8560-1A87D4D2B9B8}"
EndProject
Global
	GlobalSection(SolutionConfigurationPlatforms) = preSolution
		Debug|Any CPU = Debug|Any CPU
		Release|Any CPU = Release|Any CPU
	EndGlobalSection
	GlobalSection(ProjectConfigurationPlatforms) = postSolution
		{F62332CF-E5CF-427C-9D7C-970E3B44509B}.Debug|Any CPU.ActiveCfg = Debug|Any CPU
		{F62332CF-E5CF-427C-9D7C-970E3B44509B}.Debug|Any CPU.Build.0 = Debug|Any CPU
		{F62332CF-E5CF-427C-9D7C-970E3B44509B}.Release|Any CPU.ActiveCfg = Release|Any CPU
		{F62332CF-E5CF-427C-9D7C-970E3B44509B}.Release|Any CPU.Build.0 = Release|Any CPU
		{698BEC14-B38F-475F-8560-1A87D4D2B9B8}.Debug|Any CPU.ActiveCfg = Debug|Any CPU
		{698BEC14-B38F-475F-8560-1A87D4D2B9B8}.Debug|Any CPU.Build.0 = Debug|Any CPU
		{698BEC14-B38F-475F-8560-1A87D4D2B9B8}.Release|Any CPU.ActiveCfg = Release|Any CPU
		{698BEC14-B38F-475F-8560-1A87D4D2B9B8}.Release|Any CPU.Build.0 = Release|Any CPU
	EndGlobalSection
	GlobalSection(SolutionProperties) = preSolution
		HideSolutionNode = FALSE
	EndGlobalSection
	GlobalSection(ExtensibilityGlobals) = postSolution
		SolutionGuid = {0F962324-F07E-4E2D-8054-ED416FC71D31}
	EndGlobalSection
EndGlobal
